{
  "name": "@desmat/redis-store",
  "version": "1.0.3",
  "lockfileVersion": 3,
  "requires": true,
  "packages": {
    "": {
      "name": "@desmat/redis-store",
      "version": "1.0.3",
      "license": "MIT",
      "dependencies": {
        "@desmat/utils": "^1.0.0",
        "@upstash/redis": "^1.34.3",
        "dotenv": "^16.4.5"
      },
      "devDependencies": {
        "@types/node": "^22.8.4",
        "typescript": "^4.0.0"
      }
    },
    "node_modules/@desmat/utils": {
      "version": "1.0.0",
      "resolved": "https://registry.npmjs.org/@desmat/utils/-/utils-1.0.0.tgz",
      "integrity": "sha512-bd3onx5vg46NDb8CcHX8rH1hViCbjy0O9CbNGDSB1DfhkgUYU49A3tQUCuDOlvzGLdGY6CD7yJUk/1HBEYaQqQ==",
      "license": "MIT",
      "dependencies": {
        "jose": "^5.9.6",
        "moment": "^2.30.1",
        "uuid": "^10.0.0"
      }
    },
    "node_modules/@types/node": {
      "version": "22.8.4",
      "resolved": "https://registry.npmjs.org/@types/node/-/node-22.8.4.tgz",
      "integrity": "sha512-SpNNxkftTJOPk0oN+y2bIqurEXHTA2AOZ3EJDDKeJ5VzkvvORSvmQXGQarcOzWV1ac7DCaPBEdMDxBsM+d8jWw==",
      "dev": true,
      "license": "MIT",
      "dependencies": {
        "undici-types": "~6.19.8"
      }
    },
    "node_modules/@upstash/redis": {
      "version": "1.34.3",
      "resolved": "https://registry.npmjs.org/@upstash/redis/-/redis-1.34.3.tgz",
      "integrity": "sha512-VT25TyODGy/8ljl7GADnJoMmtmJ1F8d84UXfGonRRF8fWYJz7+2J6GzW+a6ETGtk4OyuRTt7FRSvFG5GvrfSdQ==",
      "license": "MIT",
      "dependencies": {
        "crypto-js": "^4.2.0"
      }
    },
    "node_modules/crypto-js": {
      "version": "4.2.0",
      "resolved": "https://registry.npmjs.org/crypto-js/-/crypto-js-4.2.0.tgz",
      "integrity": "sha512-KALDyEYgpY+Rlob/iriUtjV6d5Eq+Y191A5g4UqLAi8CyGP9N1+FdVbkc1SxKc2r4YAYqG8JzO2KGL+AizD70Q==",
      "license": "MIT"
    },
    "node_modules/dotenv": {
      "version": "16.4.5",
      "resolved": "https://registry.npmjs.org/dotenv/-/dotenv-16.4.5.tgz",
      "integrity": "sha512-ZmdL2rui+eB2YwhsWzjInR8LldtZHGDoQ1ugH85ppHKwpUHL7j7rN0Ti9NCnGiQbhaZ11FpR+7ao1dNsmduNUg==",
      "license": "BSD-2-Clause",
      "engines": {
        "node": ">=12"
      },
      "funding": {
        "url": "https://dotenvx.com"
      }
    },
    "node_modules/jose": {
      "version": "5.9.6",
      "license": "MIT",
      "funding": {
        "url": "https://github.com/sponsors/panva"
      }
    },
    "node_modules/moment": {
      "version": "2.30.1",
      "license": "MIT",
      "engines": {
        "node": "*"
      }
    },
    "node_modules/typescript": {
      "version": "4.9.5",
      "dev": true,
      "license": "Apache-2.0",
      "bin": {
        "tsc": "bin/tsc",
        "tsserver": "bin/tsserver"
      },
      "engines": {
        "node": ">=4.2.0"
      }
    },
    "node_modules/undici-types": {
      "version": "6.19.8",
      "resolved": "https://registry.npmjs.org/undici-types/-/undici-types-6.19.8.tgz",
      "integrity": "sha512-ve2KP6f/JnbPBFyobGHuerC9g1FYGn/F8n1LWTwNxCEzd6IfqTwUQcNXgEtmmQ6DlRrC1hrSrBnCZPokRrDHjw==",
      "dev": true,
      "license": "MIT"
    },
    "node_modules/uuid": {
      "version": "10.0.0",
      "funding": [
        "https://github.com/sponsors/broofa",
        "https://github.com/sponsors/ctavan"
      ],
      "license": "MIT",
      "bin": {
        "uuid": "dist/bin/uuid"
      }
    }
  }
}
